
Microsoft Visual Studio Solution File, Format Version 12.00
# Visual Studio Version 17
VisualStudioVersion = 17.4.32804.182
MinimumVisualStudioVersion = 10.0.40219.1
Project("{9A19103F-16F7-4668-BE54-9A1E7A4F7556}") = "Dotnet7Authentication", "Dotnet7Authentication\Dotnet7Authentication.csproj", "{55CD8A1F-578A-4730-B774-0D925A8001E0}"
EndProject
Project("{9A19103F-16F7-4668-BE54-9A1E7A4F7556}") = "AutnticationSchemaDemo", "AutnticationSchemaDemo\AutnticationSchemaDemo.csproj", "{719CC2BD-F932-4A60-BCBF-177EC04FAEC8}"
EndProject
Project("{9A19103F-16F7-4668-BE54-9A1E7A4F7556}") = "IdentityManagement", "IdentityManagement\IdentityManagement.csproj", "{B3322E85-78FD-4CD7-A00B-E695012D5982}"
EndProject
Project("{FAE04EC0-301F-11D3-BF4B-00C04F79EFBC}") = "CookieAuthentication", "CookieAuthentication\CookieAuthentication.csproj", "{31246F1F-8ABE-440E-8897-D1210FA1AA1E}"
EndProject
Global
	GlobalSection(SolutionConfigurationPlatforms) = preSolution
		Debug|Any CPU = Debug|Any CPU
		Release|Any CPU = Release|Any CPU
	EndGlobalSection
	GlobalSection(ProjectConfigurationPlatforms) = postSolution
		{55CD8A1F-578A-4730-B774-0D925A8001E0}.Debug|Any CPU.ActiveCfg = Debug|Any CPU
		{55CD8A1F-578A-4730-B774-0D925A8001E0}.Debug|Any CPU.Build.0 = Debug|Any CPU
		{55CD8A1F-578A-4730-B774-0D925A8001E0}.Release|Any CPU.ActiveCfg = Release|Any CPU
		{55CD8A1F-578A-4730-B774-0D925A8001E0}.Release|Any CPU.Build.0 = Release|Any CPU
		{719CC2BD-F932-4A60-BCBF-177EC04FAEC8}.Debug|Any CPU.ActiveCfg = Debug|Any CPU
		{719CC2BD-F932-4A60-BCBF-177EC04FAEC8}.Debug|Any CPU.Build.0 = Debug|Any CPU
		{719CC2BD-F932-4A60-BCBF-177EC04FAEC8}.Release|Any CPU.ActiveCfg = Release|Any CPU
		{719CC2BD-F932-4A60-BCBF-177EC04FAEC8}.Release|Any CPU.Build.0 = Release|Any CPU
		{B3322E85-78FD-4CD7-A00B-E695012D5982}.Debug|Any CPU.ActiveCfg = Debug|Any CPU
		{B3322E85-78FD-4CD7-A00B-E695012D5982}.Debug|Any CPU.Build.0 = Debug|Any CPU
		{B3322E85-78FD-4CD7-A00B-E695012D5982}.Release|Any CPU.ActiveCfg = Release|Any CPU
		{B3322E85-78FD-4CD7-A00B-E695012D5982}.Release|Any CPU.Build.0 = Release|Any CPU
		{31246F1F-8ABE-440E-8897-D1210FA1AA1E}.Debug|Any CPU.ActiveCfg = Debug|Any CPU
		{31246F1F-8ABE-440E-8897-D1210FA1AA1E}.Debug|Any CPU.Build.0 = Debug|Any CPU
		{31246F1F-8ABE-440E-8897-D1210FA1AA1E}.Release|Any CPU.ActiveCfg = Release|Any CPU
		{31246F1F-8ABE-440E-8897-D1210FA1AA1E}.Release|Any CPU.Build.0 = Release|Any CPU
	EndGlobalSection
	GlobalSection(SolutionProperties) = preSolution
		HideSolutionNode = FALSE
	EndGlobalSection
	GlobalSection(ExtensibilityGlobals) = postSolution
		SolutionGuid = {CD6B2906-84DB-467F-A1DC-1A1176CA2E75}
	EndGlobalSection
EndGlobal
